
Microsoft Visual Studio Solution File, Format Version 12.00
# Visual Studio Version 16
VisualStudioVersion = 16.0.30128.74
MinimumVisualStudioVersion = 10.0.40219.1
Project("{FAE04EC0-301F-11D3-BF4B-00C04F79EFBC}") = "ScrapMechanic.Api", "ScrapMechanic.Api\ScrapMechanic.Api.csproj", "{4596EDF1-B5A1-498D-8B90-A86BD145E0F0}"
EndProject
Project("{FAE04EC0-301F-11D3-BF4B-00C04F79EFBC}") = "ScrapMechanic.Domain", "ScrapMechanic.Domain\ScrapMechanic.Domain.csproj", "{D4412BA3-FF23-4D6C-A882-32664BA6CE23}"
EndProject
Project("{FAE04EC0-301F-11D3-BF4B-00C04F79EFBC}") = "ScrapMechanic.Data", "ScrapMechanic.Data\ScrapMechanic.Data.csproj", "{61A9B23D-6D41-45CC-8470-DD736ACEA7FB}"
EndProject
Project("{FAE04EC0-301F-11D3-BF4B-00C04F79EFBC}") = "ScrapMechanic.Integration", "ScrapMechanic.Integration\ScrapMechanic.Integration.csproj", "{8F366C2F-FB84-4D86-AE30-8332F261F6A3}"
EndProject
Global
	GlobalSection(SolutionConfigurationPlatforms) = preSolution
		Debug|Any CPU = Debug|Any CPU
		Release|Any CPU = Release|Any CPU
	EndGlobalSection
	GlobalSection(ProjectConfigurationPlatforms) = postSolution
		{4596EDF1-B5A1-498D-8B90-A86BD145E0F0}.Debug|Any CPU.ActiveCfg = Debug|Any CPU
		{4596EDF1-B5A1-498D-8B90-A86BD145E0F0}.Debug|Any CPU.Build.0 = Debug|Any CPU
		{4596EDF1-B5A1-498D-8B90-A86BD145E0F0}.Release|Any CPU.ActiveCfg = Release|Any CPU
		{4596EDF1-B5A1-498D-8B90-A86BD145E0F0}.Release|Any CPU.Build.0 = Release|Any CPU
		{D4412BA3-FF23-4D6C-A882-32664BA6CE23}.Debug|Any CPU.ActiveCfg = Debug|Any CPU
		{D4412BA3-FF23-4D6C-A882-32664BA6CE23}.Debug|Any CPU.Build.0 = Debug|Any CPU
		{D4412BA3-FF23-4D6C-A882-32664BA6CE23}.Release|Any CPU.ActiveCfg = Release|Any CPU
		{D4412BA3-FF23-4D6C-A882-32664BA6CE23}.Release|Any CPU.Build.0 = Release|Any CPU
		{61A9B23D-6D41-45CC-8470-DD736ACEA7FB}.Debug|Any CPU.ActiveCfg = Debug|Any CPU
		{61A9B23D-6D41-45CC-8470-DD736ACEA7FB}.Debug|Any CPU.Build.0 = Debug|Any CPU
		{61A9B23D-6D41-45CC-8470-DD736ACEA7FB}.Release|Any CPU.ActiveCfg = Release|Any CPU
		{61A9B23D-6D41-45CC-8470-DD736ACEA7FB}.Release|Any CPU.Build.0 = Release|Any CPU
		{8F366C2F-FB84-4D86-AE30-8332F261F6A3}.Debug|Any CPU.ActiveCfg = Debug|Any CPU
		{8F366C2F-FB84-4D86-AE30-8332F261F6A3}.Debug|Any CPU.Build.0 = Debug|Any CPU
		{8F366C2F-FB84-4D86-AE30-8332F261F6A3}.Release|Any CPU.ActiveCfg = Release|Any CPU
		{8F366C2F-FB84-4D86-AE30-8332F261F6A3}.Release|Any CPU.Build.0 = Release|Any CPU
	EndGlobalSection
	GlobalSection(SolutionProperties) = preSolution
		HideSolutionNode = FALSE
	EndGlobalSection
	GlobalSection(ExtensibilityGlobals) = postSolution
		SolutionGuid = {6D378AD6-9078-47C8-9FB3-106BE0801995}
	EndGlobalSection
EndGlobal
